
Microsoft Visual Studio Solution File, Format Version 12.00
# Visual Studio Version 16
VisualStudioVersion = 16.0.30907.101
MinimumVisualStudioVersion = 10.0.40219.1
Project("{FAE04EC0-301F-11D3-BF4B-00C04F79EFBC}") = "AdventOfCode", "AdventOfCode\AdventOfCode.csproj", "{7ED5929B-F6F7-4B28-86A5-C813809529E2}"
EndProject
Project("{FAE04EC0-301F-11D3-BF4B-00C04F79EFBC}") = "ProblemsLibrary", "ProblemsLibrary\ProblemsLibrary.csproj", "{B1DCE2AB-121C-432C-9FD8-2E3268551444}"
EndProject
Global
	GlobalSection(SolutionConfigurationPlatforms) = preSolution
		Debug|Any CPU = Debug|Any CPU
		Release|Any CPU = Release|Any CPU
	EndGlobalSection
	GlobalSection(ProjectConfigurationPlatforms) = postSolution
		{7ED5929B-F6F7-4B28-86A5-C813809529E2}.Debug|Any CPU.ActiveCfg = Debug|Any CPU
		{7ED5929B-F6F7-4B28-86A5-C813809529E2}.Debug|Any CPU.Build.0 = Debug|Any CPU
		{7ED5929B-F6F7-4B28-86A5-C813809529E2}.Release|Any CPU.ActiveCfg = Release|Any CPU
		{7ED5929B-F6F7-4B28-86A5-C813809529E2}.Release|Any CPU.Build.0 = Release|Any CPU
		{B1DCE2AB-121C-432C-9FD8-2E3268551444}.Debug|Any CPU.ActiveCfg = Debug|Any CPU
		{B1DCE2AB-121C-432C-9FD8-2E3268551444}.Debug|Any CPU.Build.0 = Debug|Any CPU
		{B1DCE2AB-121C-432C-9FD8-2E3268551444}.Release|Any CPU.ActiveCfg = Release|Any CPU
		{B1DCE2AB-121C-432C-9FD8-2E3268551444}.Release|Any CPU.Build.0 = Release|Any CPU
	EndGlobalSection
	GlobalSection(SolutionProperties) = preSolution
		HideSolutionNode = FALSE
	EndGlobalSection
	GlobalSection(ExtensibilityGlobals) = postSolution
		SolutionGuid = {3B2F735D-33F7-4A1E-87AE-6F7349E548C3}
	EndGlobalSection
EndGlobal
